
Microsoft Visual Studio Solution File, Format Version 12.00
# Visual Studio 14
VisualStudioVersion = 14.0.25420.1
MinimumVisualStudioVersion = 10.0.40219.1
Project("{FAE04EC0-301F-11D3-BF4B-00C04F79EFBC}") = "ling_mode_ex", "ling_mode_ex\ling_mode_ex.csproj", "{C474F44D-D2C8-47E6-8AD7-057AFDE792DA}"
EndProject
Global
	GlobalSection(SolutionConfigurationPlatforms) = preSolution
		Debug|Any CPU = Debug|Any CPU
		Release|Any CPU = Release|Any CPU
	EndGlobalSection
	GlobalSection(ProjectConfigurationPlatforms) = postSolution
		{C474F44D-D2C8-47E6-8AD7-057AFDE792DA}.Debug|Any CPU.ActiveCfg = Debug|Any CPU
		{C474F44D-D2C8-47E6-8AD7-057AFDE792DA}.Debug|Any CPU.Build.0 = Debug|Any CPU
		{C474F44D-D2C8-47E6-8AD7-057AFDE792DA}.Release|Any CPU.ActiveCfg = Release|Any CPU
		{C474F44D-D2C8-47E6-8AD7-057AFDE792DA}.Release|Any CPU.Build.0 = Release|Any CPU
	EndGlobalSection
	GlobalSection(SolutionProperties) = preSolution
		HideSolutionNode = FALSE
	EndGlobalSection
EndGlobal
